schema: '2.0'
stages:
  process_data:
    cmd: uv run src/process_data.py
    deps:
    - path: config/main.yaml
      hash: md5
      md5: b8e61ed5f5b34e354a087d235c976e50
      size: 362
    - path: data/raw/stock_data.csv
      hash: md5
      md5: 662c4954c8cc80b3a00609662a6f5d99
      size: 1019
    - path: src/helper.py
      hash: md5
      md5: 654a1a60ab355506964df8c11a4f8620
      size: 403
    - path: src/process_data.py
      hash: md5
      md5: b6ba834637d277c44009f44727d05bcd
      size: 691
    outs:
    - path: data/interim
      hash: md5
      md5: ed74e7600b1b4a14b28e205dde76f4fa.dir
      size: 1225
      nfiles: 1
  simulation:
    cmd: uv run src/market_noise.py
    deps:
    - path: config/main.yaml
      hash: md5
      md5: b8e61ed5f5b34e354a087d235c976e50
      size: 362
    - path: data/interim
      hash: md5
      md5: ed74e7600b1b4a14b28e205dde76f4fa.dir
      size: 1225
      nfiles: 1
    - path: src/helper.py
      hash: md5
      md5: 654a1a60ab355506964df8c11a4f8620
      size: 403
    - path: src/market_noise.py
      hash: md5
      md5: 71d9adeee7e1405378e9f4f84f0ed283
      size: 1480
    outs:
    - path: data/processed
      hash: md5
      md5: 58e64ac8212a998521bb03183d14d8e7.dir
      size: 2238
      nfiles: 1
