schema: '2.0'
stages:
  process_data:
    cmd: uv run src/process_data.py
    deps:
    - path: config/main.yaml
      hash: md5
      md5: ea3ce258db9762b976890093edb1b0e8
      size: 383
    - path: data/raw/stock_data.csv
      hash: md5
      md5: 662c4954c8cc80b3a00609662a6f5d99
      size: 1019
    - path: src/helper.py
      hash: md5
      md5: 7c3299147e975c15225b803ca8ade36a
      size: 416
    - path: src/process_data.py
      hash: md5
      md5: d29dd134637e0d61b41dd4d3e3084fdf
      size: 715
    outs:
    - path: data/interim
      hash: md5
      md5: 51797b3c0bb6b506a936b5416f1dfea1.dir
      size: 1249
      nfiles: 1
  simulation:
    cmd: uv run src/market_noise.py
    deps:
    - path: config/main.yaml
      hash: md5
      md5: ea3ce258db9762b976890093edb1b0e8
      size: 383
    - path: data/interim
      hash: md5
      md5: 51797b3c0bb6b506a936b5416f1dfea1.dir
      size: 1249
      nfiles: 1
    - path: src/helper.py
      hash: md5
      md5: 7c3299147e975c15225b803ca8ade36a
      size: 416
    - path: src/market_noise.py
      hash: md5
      md5: 754456675724a29926ece6b700755d10
      size: 1533
    outs:
    - path: data/processed
      hash: md5
      md5: fbeb837ab9db54a6aefbe91fc8923ef0.dir
      size: 2251
      nfiles: 1
